[[package]]
name = "astroid"
version = "2.5.1"
description = "An abstract syntax tree for Python with inference support."
category = "dev"
optional = true
python-versions = ">=3.6"

[package.dependencies]
lazy-object-proxy = ">=1.4.0"
wrapt = ">=1.11,<1.13"

[[package]]
name = "atomicwrites"
version = "1.4.0"
description = "Atomic file writes."
category = "dev"
optional = false
python-versions = ">=2.7, !=3.0.*, !=3.1.*, !=3.2.*, !=3.3.*"

[[package]]
name = "attrs"
version = "20.3.0"
description = "Classes Without Boilerplate"
category = "dev"
optional = false
python-versions = ">=2.7, !=3.0.*, !=3.1.*, !=3.2.*, !=3.3.*"

[package.extras]
dev = ["coverage[toml] (>=5.0.2)", "hypothesis", "pympler", "pytest (>=4.3.0)", "six", "zope.interface", "furo", "sphinx", "pre-commit"]
docs = ["furo", "sphinx", "zope.interface"]
tests = ["coverage[toml] (>=5.0.2)", "hypothesis", "pympler", "pytest (>=4.3.0)", "six", "zope.interface"]
tests_no_zope = ["coverage[toml] (>=5.0.2)", "hypothesis", "pympler", "pytest (>=4.3.0)", "six"]

[[package]]
name = "colorama"
version = "0.4.4"
description = "Cross-platform colored terminal text."
category = "dev"
optional = false
python-versions = ">=2.7, !=3.0.*, !=3.1.*, !=3.2.*, !=3.3.*, !=3.4.*"

[[package]]
name = "isort"
version = "5.7.0"
description = "A Python utility / library to sort Python imports."
category = "dev"
optional = true
python-versions = ">=3.6,<4.0"

[package.extras]
pipfile_deprecated_finder = ["pipreqs", "requirementslib"]
requirements_deprecated_finder = ["pipreqs", "pip-api"]
colors = ["colorama (>=0.4.3,<0.5.0)"]

[[package]]
name = "jedi"
version = "0.18.0"
description = "An autocompletion tool for Python that can be used for text editors."
category = "dev"
optional = true
python-versions = ">=3.6"

[package.dependencies]
parso = ">=0.8.0,<0.9.0"

[package.extras]
qa = ["flake8 (==3.8.3)", "mypy (==0.782)"]
testing = ["Django (<3.1)", "colorama", "docopt", "pytest (<6.0.0)"]

[[package]]
name = "lazy-object-proxy"
version = "1.5.2"
description = "A fast and thorough lazy object proxy."
category = "dev"
optional = true
python-versions = ">=2.7, !=3.0.*, !=3.1.*, !=3.2.*, !=3.3.*, !=3.4.*"

[[package]]
name = "mccabe"
version = "0.6.1"
description = "McCabe checker, plugin for flake8"
category = "dev"
optional = true
python-versions = "*"

[[package]]
name = "more-itertools"
version = "8.7.0"
description = "More routines for operating on iterables, beyond itertools"
category = "dev"
optional = false
python-versions = ">=3.5"

[[package]]
name = "numpy"
version = "1.20.1"
description = "NumPy is the fundamental package for array computing with Python."
category = "main"
optional = false
python-versions = ">=3.7"

[[package]]
name = "packaging"
version = "20.9"
description = "Core utilities for Python packages"
category = "dev"
optional = false
python-versions = ">=2.7, !=3.0.*, !=3.1.*, !=3.2.*, !=3.3.*"

[package.dependencies]
pyparsing = ">=2.0.2"

[[package]]
name = "pandas"
version = "1.3.4"
description = "Powerful data structures for data analysis, time series, and statistics"
category = "main"
optional = false
python-versions = ">=3.7.1"

[package.dependencies]
numpy = [
    {version = ">=1.17.3", markers = "platform_machine != \"aarch64\" and platform_machine != \"arm64\" and python_version < \"3.10\""},
    {version = ">=1.19.2", markers = "platform_machine == \"aarch64\" and python_version < \"3.10\""},
    {version = ">=1.20.0", markers = "platform_machine == \"arm64\" and python_version < \"3.10\""},
]
python-dateutil = ">=2.7.3"
pytz = ">=2017.3"

[package.extras]
test = ["hypothesis (>=3.58)", "pytest (>=6.0)", "pytest-xdist"]

[[package]]
name = "parso"
version = "0.8.1"
description = "A Python Parser"
category = "dev"
optional = true
python-versions = ">=3.6"

[package.extras]
qa = ["flake8 (==3.8.3)", "mypy (==0.782)"]
testing = ["docopt", "pytest (<6.0.0)"]

[[package]]
name = "pluggy"
version = "0.13.1"
description = "plugin and hook calling mechanisms for python"
category = "dev"
optional = false
python-versions = ">=2.7, !=3.0.*, !=3.1.*, !=3.2.*, !=3.3.*"

[package.extras]
dev = ["pre-commit", "tox"]

[[package]]
name = "py"
version = "1.10.0"
description = "library with cross-python path, ini-parsing, io, code, log facilities"
category = "dev"
optional = false
python-versions = ">=2.7, !=3.0.*, !=3.1.*, !=3.2.*, !=3.3.*"

[[package]]
name = "pylint"
version = "2.7.2"
description = "python code static checker"
category = "dev"
optional = true
python-versions = "~=3.6"

[package.dependencies]
astroid = ">=2.5.1,<2.6"
colorama = {version = "*", markers = "sys_platform == \"win32\""}
isort = ">=4.2.5,<6"
mccabe = ">=0.6,<0.7"
toml = ">=0.7.1"

[package.extras]
docs = ["sphinx (==3.5.1)", "python-docs-theme (==2020.12)"]

[[package]]
name = "pymonad"
version = "2.4.0"
description = "Data structures and utilities for monadic style functional programming."
category = "main"
optional = false
python-versions = ">=3.7"

[[package]]
name = "pyparsing"
version = "2.4.7"
description = "Python parsing module"
category = "dev"
optional = false
python-versions = ">=2.6, !=3.0.*, !=3.1.*, !=3.2.*"

[[package]]
name = "pytest"
version = "5.4.3"
description = "pytest: simple powerful testing with Python"
category = "dev"
optional = false
python-versions = ">=3.5"

[package.dependencies]
atomicwrites = {version = ">=1.0", markers = "sys_platform == \"win32\""}
attrs = ">=17.4.0"
colorama = {version = "*", markers = "sys_platform == \"win32\""}
more-itertools = ">=4.0.0"
packaging = "*"
pluggy = ">=0.12,<1.0"
py = ">=1.5.0"
wcwidth = "*"

[package.extras]
checkqa-mypy = ["mypy (==v0.761)"]
testing = ["argcomplete", "hypothesis (>=3.56)", "mock", "nose", "requests", "xmlschema"]

[[package]]
name = "python-dateutil"
version = "2.8.1"
description = "Extensions to the standard Python datetime module"
category = "main"
optional = false
python-versions = "!=3.0.*,!=3.1.*,!=3.2.*,>=2.7"

[package.dependencies]
six = ">=1.5"

[[package]]
name = "pytz"
version = "2021.1"
description = "World timezone definitions, modern and historical"
category = "main"
optional = false
python-versions = "*"

[[package]]
name = "scipy"
version = "1.6.2"
description = "SciPy: Scientific Library for Python"
category = "main"
optional = false
python-versions = ">=3.7,<3.10"

[package.dependencies]
numpy = ">=1.16.5,<1.23.0"

[[package]]
name = "six"
version = "1.15.0"
description = "Python 2 and 3 compatibility utilities"
category = "main"
optional = false
python-versions = ">=2.7, !=3.0.*, !=3.1.*, !=3.2.*"

[[package]]
name = "stepshift"
version = "1.2.0"
description = ""
category = "main"
optional = false
python-versions = ">=3.8,<3.10"

[package.dependencies]
pandas = ">=1.3.2"
PyMonad = ">=2.4.0"
toolz = ">=0.11.1"
xarray = ">=0.19.0"

[[package]]
name = "toml"
version = "0.10.2"
description = "Python Library for Tom's Obvious, Minimal Language"
category = "dev"
optional = true
python-versions = ">=2.6, !=3.0.*, !=3.1.*, !=3.2.*"

[[package]]
name = "toolz"
version = "0.11.1"
description = "List processing tools and functional utilities"
category = "main"
optional = false
python-versions = ">=3.5"

[[package]]
name = "wcwidth"
version = "0.2.5"
description = "Measures the displayed width of unicode strings in a terminal"
category = "dev"
optional = false
python-versions = "*"

[[package]]
name = "wrapt"
version = "1.12.1"
description = "Module for decorators, wrappers and monkey patching."
category = "dev"
optional = true
python-versions = "*"

[[package]]
name = "xarray"
version = "0.19.0"
description = "N-D labeled arrays and datasets in Python"
category = "main"
optional = false
python-versions = ">=3.7"

[package.dependencies]
numpy = ">=1.17"
pandas = ">=1.0"

[package.extras]
accel = ["scipy", "bottleneck", "numbagg"]
complete = ["netcdf4", "h5netcdf", "scipy", "pydap", "zarr", "fsspec", "cftime", "rasterio", "cfgrib", "pooch", "bottleneck", "numbagg", "dask", "matplotlib", "seaborn", "nc-time-axis"]
docs = ["netcdf4", "h5netcdf", "scipy", "pydap", "zarr", "fsspec", "cftime", "rasterio", "cfgrib", "pooch", "bottleneck", "numbagg", "dask", "matplotlib", "seaborn", "nc-time-axis", "sphinx-autosummary-accessors", "sphinx-rtd-theme", "ipython", "ipykernel", "jupyter-client", "nbsphinx", "scanpydoc"]
io = ["netcdf4", "h5netcdf", "scipy", "pydap", "zarr", "fsspec", "cftime", "rasterio", "cfgrib", "pooch"]
parallel = ["dask"]
viz = ["matplotlib", "seaborn", "nc-time-axis"]

[metadata]
lock-version = "1.1"
python-versions = ">=3.8,<3.10"
content-hash = "27210a0cbe9d2541eb3ddcdb3c2d01272472917db0b01808ae450f117669e142"

[metadata.files]
astroid = [
    {file = "astroid-2.5.1-py3-none-any.whl", hash = "sha256:21d735aab248253531bb0f1e1e6d068f0ee23533e18ae8a6171ff892b98297cf"},
    {file = "astroid-2.5.1.tar.gz", hash = "sha256:cfc35498ee64017be059ceffab0a25bedf7548ab76f2bea691c5565896e7128d"},
]
atomicwrites = [
    {file = "atomicwrites-1.4.0-py2.py3-none-any.whl", hash = "sha256:6d1784dea7c0c8d4a5172b6c620f40b6e4cbfdf96d783691f2e1302a7b88e197"},
    {file = "atomicwrites-1.4.0.tar.gz", hash = "sha256:ae70396ad1a434f9c7046fd2dd196fc04b12f9e91ffb859164193be8b6168a7a"},
]
attrs = [
    {file = "attrs-20.3.0-py2.py3-none-any.whl", hash = "sha256:31b2eced602aa8423c2aea9c76a724617ed67cf9513173fd3a4f03e3a929c7e6"},
    {file = "attrs-20.3.0.tar.gz", hash = "sha256:832aa3cde19744e49938b91fea06d69ecb9e649c93ba974535d08ad92164f700"},
]
colorama = [
    {file = "colorama-0.4.4-py2.py3-none-any.whl", hash = "sha256:9f47eda37229f68eee03b24b9748937c7dc3868f906e8ba69fbcbdd3bc5dc3e2"},
    {file = "colorama-0.4.4.tar.gz", hash = "sha256:5941b2b48a20143d2267e95b1c2a7603ce057ee39fd88e7329b0c292aa16869b"},
]
isort = [
    {file = "isort-5.7.0-py3-none-any.whl", hash = "sha256:fff4f0c04e1825522ce6949973e83110a6e907750cd92d128b0d14aaaadbffdc"},
    {file = "isort-5.7.0.tar.gz", hash = "sha256:c729845434366216d320e936b8ad6f9d681aab72dc7cbc2d51bedc3582f3ad1e"},
]
jedi = [
    {file = "jedi-0.18.0-py2.py3-none-any.whl", hash = "sha256:18456d83f65f400ab0c2d3319e48520420ef43b23a086fdc05dff34132f0fb93"},
    {file = "jedi-0.18.0.tar.gz", hash = "sha256:92550a404bad8afed881a137ec9a461fed49eca661414be45059329614ed0707"},
]
lazy-object-proxy = [
    {file = "lazy-object-proxy-1.5.2.tar.gz", hash = "sha256:5944a9b95e97de1980c65f03b79b356f30a43de48682b8bdd90aa5089f0ec1f4"},
    {file = "lazy_object_proxy-1.5.2-cp27-cp27m-macosx_10_14_x86_64.whl", hash = "sha256:e960e8be509e8d6d618300a6c189555c24efde63e85acaf0b14b2cd1ac743315"},
    {file = "lazy_object_proxy-1.5.2-cp27-cp27mu-manylinux1_x86_64.whl", hash = "sha256:522b7c94b524389f4a4094c4bf04c2b02228454ddd17c1a9b2801fac1d754871"},
    {file = "lazy_object_proxy-1.5.2-cp35-cp35m-manylinux1_x86_64.whl", hash = "sha256:3782931963dc89e0e9a0ae4348b44762e868ea280e4f8c233b537852a8996ab9"},
    {file = "lazy_object_proxy-1.5.2-cp35-cp35m-manylinux2014_aarch64.whl", hash = "sha256:429c4d1862f3fc37cd56304d880f2eae5bd0da83bdef889f3bd66458aac49128"},
    {file = "lazy_object_proxy-1.5.2-cp35-cp35m-win32.whl", hash = "sha256:cd1bdace1a8762534e9a36c073cd54e97d517a17d69a17985961265be6d22847"},
    {file = "lazy_object_proxy-1.5.2-cp35-cp35m-win_amd64.whl", hash = "sha256:ddbdcd10eb999d7ab292677f588b658372aadb9a52790f82484a37127a390108"},
    {file = "lazy_object_proxy-1.5.2-cp36-cp36m-manylinux1_x86_64.whl", hash = "sha256:ecb5dd5990cec6e7f5c9c1124a37cb2c710c6d69b0c1a5c4aa4b35eba0ada068"},
    {file = "lazy_object_proxy-1.5.2-cp36-cp36m-manylinux2014_aarch64.whl", hash = "sha256:b6577f15d5516d7d209c1a8cde23062c0f10625f19e8dc9fb59268859778d7d7"},
    {file = "lazy_object_proxy-1.5.2-cp36-cp36m-win32.whl", hash = "sha256:c8fe2d6ff0ff583784039d0255ea7da076efd08507f2be6f68583b0da32e3afb"},
    {file = "lazy_object_proxy-1.5.2-cp36-cp36m-win_amd64.whl", hash = "sha256:fa5b2dee0e231fa4ad117be114251bdfe6afe39213bd629d43deb117b6a6c40a"},
    {file = "lazy_object_proxy-1.5.2-cp37-cp37m-manylinux1_x86_64.whl", hash = "sha256:1d33d6f789697f401b75ce08e73b1de567b947740f768376631079290118ad39"},
    {file = "lazy_object_proxy-1.5.2-cp37-cp37m-manylinux2014_aarch64.whl", hash = "sha256:57fb5c5504ddd45ed420b5b6461a78f58cbb0c1b0cbd9cd5a43ad30a4a3ee4d0"},
    {file = "lazy_object_proxy-1.5.2-cp37-cp37m-win32.whl", hash = "sha256:e7273c64bccfd9310e9601b8f4511d84730239516bada26a0c9846c9697617ef"},
    {file = "lazy_object_proxy-1.5.2-cp37-cp37m-win_amd64.whl", hash = "sha256:6f4e5e68b7af950ed7fdb594b3f19a0014a3ace0fedb86acb896e140ffb24302"},
    {file = "lazy_object_proxy-1.5.2-cp38-cp38-manylinux1_x86_64.whl", hash = "sha256:cadfa2c2cf54d35d13dc8d231253b7985b97d629ab9ca6e7d672c35539d38163"},
    {file = "lazy_object_proxy-1.5.2-cp38-cp38-manylinux2014_aarch64.whl", hash = "sha256:e7428977763150b4cf83255625a80a23dfdc94d43be7791ce90799d446b4e26f"},
    {file = "lazy_object_proxy-1.5.2-cp38-cp38-win32.whl", hash = "sha256:2f2de8f8ac0be3e40d17730e0600619d35c78c13a099ea91ef7fb4ad944ce694"},
    {file = "lazy_object_proxy-1.5.2-cp38-cp38-win_amd64.whl", hash = "sha256:38c3865bd220bd983fcaa9aa11462619e84a71233bafd9c880f7b1cb753ca7fa"},
    {file = "lazy_object_proxy-1.5.2-cp39-cp39-macosx_10_14_x86_64.whl", hash = "sha256:8a44e9901c0555f95ac401377032f6e6af66d8fc1fbfad77a7a8b1a826e0b93c"},
    {file = "lazy_object_proxy-1.5.2-cp39-cp39-manylinux1_x86_64.whl", hash = "sha256:fa7fb7973c622b9e725bee1db569d2c2ee64d2f9a089201c5e8185d482c7352d"},
    {file = "lazy_object_proxy-1.5.2-cp39-cp39-manylinux2014_aarch64.whl", hash = "sha256:71a1ef23f22fa8437974b2d60fedb947c99a957ad625f83f43fd3de70f77f458"},
    {file = "lazy_object_proxy-1.5.2-cp39-cp39-win32.whl", hash = "sha256:ef3f5e288aa57b73b034ce9c1f1ac753d968f9069cd0742d1d69c698a0167166"},
    {file = "lazy_object_proxy-1.5.2-cp39-cp39-win_amd64.whl", hash = "sha256:37d9c34b96cca6787fe014aeb651217944a967a5b165e2cacb6b858d2997ab84"},
]
mccabe = [
    {file = "mccabe-0.6.1-py2.py3-none-any.whl", hash = "sha256:ab8a6258860da4b6677da4bd2fe5dc2c659cff31b3ee4f7f5d64e79735b80d42"},
    {file = "mccabe-0.6.1.tar.gz", hash = "sha256:dd8d182285a0fe56bace7f45b5e7d1a6ebcbf524e8f3bd87eb0f125271b8831f"},
]
more-itertools = [
    {file = "more-itertools-8.7.0.tar.gz", hash = "sha256:c5d6da9ca3ff65220c3bfd2a8db06d698f05d4d2b9be57e1deb2be5a45019713"},
    {file = "more_itertools-8.7.0-py3-none-any.whl", hash = "sha256:5652a9ac72209ed7df8d9c15daf4e1aa0e3d2ccd3c87f8265a0673cd9cbc9ced"},
]
numpy = [
    {file = "numpy-1.20.1-cp37-cp37m-macosx_10_9_x86_64.whl", hash = "sha256:ae61f02b84a0211abb56462a3b6cd1e7ec39d466d3160eb4e1da8bf6717cdbeb"},
    {file = "numpy-1.20.1-cp37-cp37m-manylinux1_i686.whl", hash = "sha256:65410c7f4398a0047eea5cca9b74009ea61178efd78d1be9847fac1d6716ec1e"},
    {file = "numpy-1.20.1-cp37-cp37m-manylinux1_x86_64.whl", hash = "sha256:2d7e27442599104ee08f4faed56bb87c55f8b10a5494ac2ead5c98a4b289e61f"},
    {file = "numpy-1.20.1-cp37-cp37m-manylinux2010_i686.whl", hash = "sha256:4ed8e96dc146e12c1c5cdd6fb9fd0757f2ba66048bf94c5126b7efebd12d0090"},
    {file = "numpy-1.20.1-cp37-cp37m-manylinux2010_x86_64.whl", hash = "sha256:ecb5b74c702358cdc21268ff4c37f7466357871f53a30e6f84c686952bef16a9"},
    {file = "numpy-1.20.1-cp37-cp37m-manylinux2014_aarch64.whl", hash = "sha256:b9410c0b6fed4a22554f072a86c361e417f0258838957b78bd063bde2c7f841f"},
    {file = "numpy-1.20.1-cp37-cp37m-win32.whl", hash = "sha256:3d3087e24e354c18fb35c454026af3ed8997cfd4997765266897c68d724e4845"},
    {file = "numpy-1.20.1-cp37-cp37m-win_amd64.whl", hash = "sha256:89f937b13b8dd17b0099c7c2e22066883c86ca1575a975f754babc8fbf8d69a9"},
    {file = "numpy-1.20.1-cp38-cp38-macosx_10_9_x86_64.whl", hash = "sha256:a1d7995d1023335e67fb070b2fae6f5968f5be3802b15ad6d79d81ecaa014fe0"},
    {file = "numpy-1.20.1-cp38-cp38-manylinux1_i686.whl", hash = "sha256:60759ab15c94dd0e1ed88241fd4fa3312db4e91d2c8f5a2d4cf3863fad83d65b"},
    {file = "numpy-1.20.1-cp38-cp38-manylinux1_x86_64.whl", hash = "sha256:125a0e10ddd99a874fd357bfa1b636cd58deb78ba4a30b5ddb09f645c3512e04"},
    {file = "numpy-1.20.1-cp38-cp38-manylinux2010_i686.whl", hash = "sha256:c26287dfc888cf1e65181f39ea75e11f42ffc4f4529e5bd19add57ad458996e2"},
    {file = "numpy-1.20.1-cp38-cp38-manylinux2010_x86_64.whl", hash = "sha256:7199109fa46277be503393be9250b983f325880766f847885607d9b13848f257"},
    {file = "numpy-1.20.1-cp38-cp38-manylinux2014_aarch64.whl", hash = "sha256:72251e43ac426ff98ea802a931922c79b8d7596480300eb9f1b1e45e0543571e"},
    {file = "numpy-1.20.1-cp38-cp38-win32.whl", hash = "sha256:c91ec9569facd4757ade0888371eced2ecf49e7982ce5634cc2cf4e7331a4b14"},
    {file = "numpy-1.20.1-cp38-cp38-win_amd64.whl", hash = "sha256:13adf545732bb23a796914fe5f891a12bd74cf3d2986eed7b7eba2941eea1590"},
    {file = "numpy-1.20.1-cp39-cp39-macosx_10_9_x86_64.whl", hash = "sha256:104f5e90b143dbf298361a99ac1af4cf59131218a045ebf4ee5990b83cff5fab"},
    {file = "numpy-1.20.1-cp39-cp39-manylinux2010_i686.whl", hash = "sha256:89e5336f2bec0c726ac7e7cdae181b325a9c0ee24e604704ed830d241c5e47ff"},
    {file = "numpy-1.20.1-cp39-cp39-manylinux2010_x86_64.whl", hash = "sha256:032be656d89bbf786d743fee11d01ef318b0781281241997558fa7950028dd29"},
    {file = "numpy-1.20.1-cp39-cp39-manylinux2014_aarch64.whl", hash = "sha256:66b467adfcf628f66ea4ac6430ded0614f5cc06ba530d09571ea404789064adc"},
    {file = "numpy-1.20.1-cp39-cp39-win32.whl", hash = "sha256:12e4ba5c6420917571f1a5becc9338abbde71dd811ce40b37ba62dec7b39af6d"},
    {file = "numpy-1.20.1-cp39-cp39-win_amd64.whl", hash = "sha256:9c94cab5054bad82a70b2e77741271790304651d584e2cdfe2041488e753863b"},
    {file = "numpy-1.20.1-pp37-pypy37_pp73-manylinux2010_x86_64.whl", hash = "sha256:9eb551d122fadca7774b97db8a112b77231dcccda8e91a5bc99e79890797175e"},
    {file = "numpy-1.20.1.zip", hash = "sha256:3bc63486a870294683980d76ec1e3efc786295ae00128f9ea38e2c6e74d5a60a"},
]
packaging = [
    {file = "packaging-20.9-py2.py3-none-any.whl", hash = "sha256:67714da7f7bc052e064859c05c595155bd1ee9f69f76557e21f051443c20947a"},
    {file = "packaging-20.9.tar.gz", hash = "sha256:5b327ac1320dc863dca72f4514ecc086f31186744b84a230374cc1fd776feae5"},
]
pandas = [
    {file = "pandas-1.3.4-cp310-cp310-macosx_10_9_universal2.whl", hash = "sha256:9707bdc1ea9639c886b4d3be6e2a45812c1ac0c2080f94c31b71c9fa35556f9b"},
    {file = "pandas-1.3.4-cp310-cp310-macosx_11_0_arm64.whl", hash = "sha256:c2f44425594ae85e119459bb5abb0748d76ef01d9c08583a667e3339e134218e"},
    {file = "pandas-1.3.4-cp310-cp310-manylinux_2_17_aarch64.manylinux2014_aarch64.whl", hash = "sha256:372d72a3d8a5f2dbaf566a5fa5fa7f230842ac80f29a931fb4b071502cf86b9a"},
    {file = "pandas-1.3.4-cp310-cp310-manylinux_2_17_x86_64.manylinux2014_x86_64.whl", hash = "sha256:d99d2350adb7b6c3f7f8f0e5dfb7d34ff8dd4bc0a53e62c445b7e43e163fce63"},
    {file = "pandas-1.3.4-cp310-cp310-win_amd64.whl", hash = "sha256:4acc28364863127bca1029fb72228e6f473bb50c32e77155e80b410e2068eeac"},
    {file = "pandas-1.3.4-cp37-cp37m-macosx_10_9_x86_64.whl", hash = "sha256:c2646458e1dce44df9f71a01dc65f7e8fa4307f29e5c0f2f92c97f47a5bf22f5"},
    {file = "pandas-1.3.4-cp37-cp37m-manylinux_2_17_aarch64.manylinux2014_aarch64.whl", hash = "sha256:5298a733e5bfbb761181fd4672c36d0c627320eb999c59c65156c6a90c7e1b4f"},
    {file = "pandas-1.3.4-cp37-cp37m-manylinux_2_17_x86_64.manylinux2014_x86_64.whl", hash = "sha256:22808afb8f96e2269dcc5b846decacb2f526dd0b47baebc63d913bf847317c8f"},
    {file = "pandas-1.3.4-cp37-cp37m-manylinux_2_5_i686.manylinux1_i686.manylinux_2_17_i686.manylinux2014_i686.whl", hash = "sha256:b528e126c13816a4374e56b7b18bfe91f7a7f6576d1aadba5dee6a87a7f479ae"},
    {file = "pandas-1.3.4-cp37-cp37m-win32.whl", hash = "sha256:fe48e4925455c964db914b958f6e7032d285848b7538a5e1b19aeb26ffaea3ec"},
    {file = "pandas-1.3.4-cp37-cp37m-win_amd64.whl", hash = "sha256:eaca36a80acaacb8183930e2e5ad7f71539a66805d6204ea88736570b2876a7b"},
    {file = "pandas-1.3.4-cp38-cp38-macosx_10_9_x86_64.whl", hash = "sha256:42493f8ae67918bf129869abea8204df899902287a7f5eaf596c8e54e0ac7ff4"},
    {file = "pandas-1.3.4-cp38-cp38-manylinux_2_17_aarch64.manylinux2014_aarch64.whl", hash = "sha256:a388960f979665b447f0847626e40f99af8cf191bce9dc571d716433130cb3a7"},
    {file = "pandas-1.3.4-cp38-cp38-manylinux_2_17_x86_64.manylinux2014_x86_64.whl", hash = "sha256:5ba0aac1397e1d7b654fccf263a4798a9e84ef749866060d19e577e927d66e1b"},
    {file = "pandas-1.3.4-cp38-cp38-manylinux_2_5_i686.manylinux1_i686.manylinux_2_17_i686.manylinux2014_i686.whl", hash = "sha256:f567e972dce3bbc3a8076e0b675273b4a9e8576ac629149cf8286ee13c259ae5"},
    {file = "pandas-1.3.4-cp38-cp38-win32.whl", hash = "sha256:c1aa4de4919358c5ef119f6377bc5964b3a7023c23e845d9db7d9016fa0c5b1c"},
    {file = "pandas-1.3.4-cp38-cp38-win_amd64.whl", hash = "sha256:dd324f8ee05925ee85de0ea3f0d66e1362e8c80799eb4eb04927d32335a3e44a"},
    {file = "pandas-1.3.4-cp39-cp39-macosx_10_9_x86_64.whl", hash = "sha256:d47750cf07dee6b55d8423471be70d627314277976ff2edd1381f02d52dbadf9"},
    {file = "pandas-1.3.4-cp39-cp39-manylinux_2_17_aarch64.manylinux2014_aarch64.whl", hash = "sha256:2d1dc09c0013d8faa7474574d61b575f9af6257ab95c93dcf33a14fd8d2c1bab"},
    {file = "pandas-1.3.4-cp39-cp39-manylinux_2_17_x86_64.manylinux2014_x86_64.whl", hash = "sha256:10e10a2527db79af6e830c3d5842a4d60383b162885270f8cffc15abca4ba4a9"},
    {file = "pandas-1.3.4-cp39-cp39-manylinux_2_5_i686.manylinux1_i686.manylinux_2_17_i686.manylinux2014_i686.whl", hash = "sha256:35c77609acd2e4d517da41bae0c11c70d31c87aae8dd1aabd2670906c6d2c143"},
    {file = "pandas-1.3.4-cp39-cp39-win32.whl", hash = "sha256:003ba92db58b71a5f8add604a17a059f3068ef4e8c0c365b088468d0d64935fd"},
    {file = "pandas-1.3.4-cp39-cp39-win_amd64.whl", hash = "sha256:a51528192755f7429c5bcc9e80832c517340317c861318fea9cea081b57c9afd"},
    {file = "pandas-1.3.4.tar.gz", hash = "sha256:a2aa18d3f0b7d538e21932f637fbfe8518d085238b429e4790a35e1e44a96ffc"},
]
parso = [
    {file = "parso-0.8.1-py2.py3-none-any.whl", hash = "sha256:15b00182f472319383252c18d5913b69269590616c947747bc50bf4ac768f410"},
    {file = "parso-0.8.1.tar.gz", hash = "sha256:8519430ad07087d4c997fda3a7918f7cfa27cb58972a8c89c2a0295a1c940e9e"},
]
pluggy = [
    {file = "pluggy-0.13.1-py2.py3-none-any.whl", hash = "sha256:966c145cd83c96502c3c3868f50408687b38434af77734af1e9ca461a4081d2d"},
    {file = "pluggy-0.13.1.tar.gz", hash = "sha256:15b2acde666561e1298d71b523007ed7364de07029219b604cf808bfa1c765b0"},
]
py = [
    {file = "py-1.10.0-py2.py3-none-any.whl", hash = "sha256:3b80836aa6d1feeaa108e046da6423ab8f6ceda6468545ae8d02d9d58d18818a"},
    {file = "py-1.10.0.tar.gz", hash = "sha256:21b81bda15b66ef5e1a777a21c4dcd9c20ad3efd0b3f817e7a809035269e1bd3"},
]
pylint = [
    {file = "pylint-2.7.2-py3-none-any.whl", hash = "sha256:d09b0b07ba06bcdff463958f53f23df25e740ecd81895f7d2699ec04bbd8dc3b"},
    {file = "pylint-2.7.2.tar.gz", hash = "sha256:0e21d3b80b96740909d77206d741aa3ce0b06b41be375d92e1f3244a274c1f8a"},
]
pymonad = [
    {file = "PyMonad-2.4.0-py3-none-any.whl", hash = "sha256:e78d9bf3b0712b165d4f43c29b0c1b23ed3ff11dbae1a6d61402cda7f0827d1a"},
    {file = "PyMonad-2.4.0.tar.gz", hash = "sha256:6b9d98e40bf2e0f1cc1900309365f9ba4997f3432a1d6e71f80f41ace2890204"},
]
pyparsing = [
    {file = "pyparsing-2.4.7-py2.py3-none-any.whl", hash = "sha256:ef9d7589ef3c200abe66653d3f1ab1033c3c419ae9b9bdb1240a85b024efc88b"},
    {file = "pyparsing-2.4.7.tar.gz", hash = "sha256:c203ec8783bf771a155b207279b9bccb8dea02d8f0c9e5f8ead507bc3246ecc1"},
]
pytest = [
    {file = "pytest-5.4.3-py3-none-any.whl", hash = "sha256:5c0db86b698e8f170ba4582a492248919255fcd4c79b1ee64ace34301fb589a1"},
    {file = "pytest-5.4.3.tar.gz", hash = "sha256:7979331bfcba207414f5e1263b5a0f8f521d0f457318836a7355531ed1a4c7d8"},
]
python-dateutil = [
    {file = "python-dateutil-2.8.1.tar.gz", hash = "sha256:73ebfe9dbf22e832286dafa60473e4cd239f8592f699aa5adaf10050e6e1823c"},
    {file = "python_dateutil-2.8.1-py2.py3-none-any.whl", hash = "sha256:75bb3f31ea686f1197762692a9ee6a7550b59fc6ca3a1f4b5d7e32fb98e2da2a"},
]
pytz = [
    {file = "pytz-2021.1-py2.py3-none-any.whl", hash = "sha256:eb10ce3e7736052ed3623d49975ce333bcd712c7bb19a58b9e2089d4057d0798"},
    {file = "pytz-2021.1.tar.gz", hash = "sha256:83a4a90894bf38e243cf052c8b58f381bfe9a7a483f6a9cab140bc7f702ac4da"},
]
scipy = [
    {file = "scipy-1.6.2-cp37-cp37m-macosx_10_9_x86_64.whl", hash = "sha256:77f7a057724545b7e097bfdca5c6006bed8580768cd6621bb1330aedf49afba5"},
    {file = "scipy-1.6.2-cp37-cp37m-manylinux1_i686.whl", hash = "sha256:e547f84cd52343ac2d56df0ab08d3e9cc202338e7d09fafe286d6c069ddacb31"},
    {file = "scipy-1.6.2-cp37-cp37m-manylinux1_x86_64.whl", hash = "sha256:bc52d4d70863141bb7e2f8fd4d98e41d77375606cde50af65f1243ce2d7853e8"},
    {file = "scipy-1.6.2-cp37-cp37m-manylinux2014_aarch64.whl", hash = "sha256:adf7cee8e5c92b05f2252af498f77c7214a2296d009fc5478fc432c2f8fb953b"},
    {file = "scipy-1.6.2-cp37-cp37m-win32.whl", hash = "sha256:e3e9742bad925c421d39e699daa8d396c57535582cba90017d17f926b61c1552"},
    {file = "scipy-1.6.2-cp37-cp37m-win_amd64.whl", hash = "sha256:ffdfb09315896c6e9ac739bb6e13a19255b698c24e6b28314426fd40a1180822"},
    {file = "scipy-1.6.2-cp38-cp38-macosx_10_9_x86_64.whl", hash = "sha256:6ca1058cb5bd45388041a7c3c11c4b2bd58867ac9db71db912501df77be2c4a4"},
    {file = "scipy-1.6.2-cp38-cp38-manylinux1_i686.whl", hash = "sha256:993c86513272bc84c451349b10ee4376652ab21f312b0554fdee831d593b6c02"},
    {file = "scipy-1.6.2-cp38-cp38-manylinux1_x86_64.whl", hash = "sha256:37f4c2fb904c0ba54163e03993ce3544c9c5cde104bcf90614f17d85bdfbb431"},
    {file = "scipy-1.6.2-cp38-cp38-manylinux2014_aarch64.whl", hash = "sha256:96620240b393d155097618bcd6935d7578e85959e55e3105490bbbf2f594c7ad"},
    {file = "scipy-1.6.2-cp38-cp38-win32.whl", hash = "sha256:03f1fd3574d544456325dae502facdf5c9f81cbfe12808a5e67a737613b7ba8c"},
    {file = "scipy-1.6.2-cp38-cp38-win_amd64.whl", hash = "sha256:0c81ea1a95b4c9e0a8424cf9484b7b8fa7ef57169d7bcc0dfcfc23e3d7c81a12"},
    {file = "scipy-1.6.2-cp39-cp39-macosx_10_9_x86_64.whl", hash = "sha256:c1d3f771c19af00e1a36f749bd0a0690cc64632783383bc68f77587358feb5a4"},
    {file = "scipy-1.6.2-cp39-cp39-manylinux1_i686.whl", hash = "sha256:50e5bcd9d45262725e652611bb104ac0919fd25ecb78c22f5282afabd0b2e189"},
    {file = "scipy-1.6.2-cp39-cp39-manylinux1_x86_64.whl", hash = "sha256:816951e73d253a41fa2fd5f956f8e8d9ac94148a9a2039e7db56994520582bf2"},
    {file = "scipy-1.6.2-cp39-cp39-manylinux2014_aarch64.whl", hash = "sha256:1fba8a214c89b995e3721670e66f7053da82e7e5d0fe6b31d8e4b19922a9315e"},
    {file = "scipy-1.6.2-cp39-cp39-win32.whl", hash = "sha256:e89091e6a8e211269e23f049473b2fde0c0e5ae0dd5bd276c3fc91b97da83480"},
    {file = "scipy-1.6.2-cp39-cp39-win_amd64.whl", hash = "sha256:d744657c27c128e357de2f0fd532c09c84cd6e4933e8232895a872e67059ac37"},
    {file = "scipy-1.6.2.tar.gz", hash = "sha256:e9da33e21c9bc1b92c20b5328adb13e5f193b924c9b969cd700c8908f315aa59"},
]
six = [
    {file = "six-1.15.0-py2.py3-none-any.whl", hash = "sha256:8b74bedcbbbaca38ff6d7491d76f2b06b3592611af620f8426e82dddb04a5ced"},
    {file = "six-1.15.0.tar.gz", hash = "sha256:30639c035cdb23534cd4aa2dd52c3bf48f06e5f4a941509c8bafd8ce11080259"},
]
stepshift = [
    {file = "stepshift-1.2.0.tar.gz", hash = "sha256:fcf796b76b7bf74ee01f4111c1d81c89e566247cdc8c8a0004a6bb9181475cdb"},
]
toml = [
    {file = "toml-0.10.2-py2.py3-none-any.whl", hash = "sha256:806143ae5bfb6a3c6e736a764057db0e6a0e05e338b5630894a5f779cabb4f9b"},
    {file = "toml-0.10.2.tar.gz", hash = "sha256:b3bda1d108d5dd99f4a20d24d9c348e91c4db7ab1b749200bded2f839ccbe68f"},
]
toolz = [
    {file = "toolz-0.11.1-py3-none-any.whl", hash = "sha256:1bc473acbf1a1db4e72a1ce587be347450e8f08324908b8a266b486f408f04d5"},
    {file = "toolz-0.11.1.tar.gz", hash = "sha256:c7a47921f07822fe534fb1c01c9931ab335a4390c782bd28c6bcc7c2f71f3fbf"},
]
wcwidth = [
    {file = "wcwidth-0.2.5-py2.py3-none-any.whl", hash = "sha256:beb4802a9cebb9144e99086eff703a642a13d6a0052920003a230f3294bbe784"},
    {file = "wcwidth-0.2.5.tar.gz", hash = "sha256:c4d647b99872929fdb7bdcaa4fbe7f01413ed3d98077df798530e5b04f116c83"},
]
wrapt = [
    {file = "wrapt-1.12.1.tar.gz", hash = "sha256:b62ffa81fb85f4332a4f609cab4ac40709470da05643a082ec1eb88e6d9b97d7"},
]
xarray = [
    {file = "xarray-0.19.0-py3-none-any.whl", hash = "sha256:da0f0d7719b5ee95143a34804e3afb82cb8abbe5c10f9750a9dbed156ad30f00"},
    {file = "xarray-0.19.0.tar.gz", hash = "sha256:3a365ce09127fc841ba88baa63f37ca61376ffe389a6c5e66d52f2c88c23a62b"},
]
